
Microsoft Visual Studio Solution File, Format Version 12.00
# Visual Studio 2013
VisualStudioVersion = 12.0.31101.0
MinimumVisualStudioVersion = 10.0.40219.1
Project("{FAE04EC0-301F-11D3-BF4B-00C04F79EFBC}") = "LibraryManagement", "LibraryManagement\LibraryManagement.csproj", "{EBDAC6C1-A687-4FA0-B234-7CD5F17A13B1}"
EndProject
Global
	GlobalSection(SolutionConfigurationPlatforms) = preSolution
		Debug|Any CPU = Debug|Any CPU
		Release|Any CPU = Release|Any CPU
	EndGlobalSection
	GlobalSection(ProjectConfigurationPlatforms) = postSolution
		{EBDAC6C1-A687-4FA0-B234-7CD5F17A13B1}.Debug|Any CPU.ActiveCfg = Debug|Any CPU
		{EBDAC6C1-A687-4FA0-B234-7CD5F17A13B1}.Debug|Any CPU.Build.0 = Debug|Any CPU
		{EBDAC6C1-A687-4FA0-B234-7CD5F17A13B1}.Release|Any CPU.ActiveCfg = Release|Any CPU
		{EBDAC6C1-A687-4FA0-B234-7CD5F17A13B1}.Release|Any CPU.Build.0 = Release|Any CPU
	EndGlobalSection
	GlobalSection(SolutionProperties) = preSolution
		HideSolutionNode = FALSE
	EndGlobalSection
EndGlobal
